<?xml version="1.0" encoding="utf-8"?>
<Project ToolsVersion="4.0" xmlns="http://schemas.microsoft.com/developer/msbuild/2003">
  <ItemGroup>
    <Filter Include="Source Files">
      <UniqueIdentifier>{4FC737F1-C7A5-4376-A066-2A32D752A2FF}</UniqueIdentifier>
      <Extensions>cpp;c;cc;cxx;def;odl;idl;hpj;bat;asm;asmx</Extensions>
    </Filter>
    <Filter Include="Resource Files">
      <UniqueIdentifier>{67DA6AB6-F800-4c08-8B7A-83BB121AAD01}</UniqueIdentifier>
      <Extensions>rc;ico;cur;bmp;dlg;rc2;rct;bin;rgs;gif;jpg;jpeg;jpe;resx;tiff;tif;png;wav;mfcribbon-ms</Extensions>
    </Filter>
    <Filter Include="Source Files\ResourceManager">
      <UniqueIdentifier>{faa3378c-85ee-46d1-8635-e49f3b515b54}</UniqueIdentifier>
    </Filter>
    <Filter Include="Source Files\External">
      <UniqueIdentifier>{fe47be6a-2c33-451d-8275-7284e190af60}</UniqueIdentifier>
    </Filter>
    <Filter Include="Source Files\External\lodepng">
      <UniqueIdentifier>{835aa3f6-28e6-41f5-ba5c-887ac30a1ab8}</UniqueIdentifier>
    </Filter>
    <Filter Include="Source Files\PainterApps">
      <UniqueIdentifier>{c12459d1-210f-477f-9ecf-d85619885613}</UniqueIdentifier>
    </Filter>
    <Filter Include="Source Files\Data">
      <UniqueIdentifier>{b5065a6c-9b95-4609-aa92-a7a672cd5920}</UniqueIdentifier>
    </Filter>
    <Filter Include="Source Files\Shaders">
      <UniqueIdentifier>{965e6470-db2e-4349-b8c3-8c43f79abc46}</UniqueIdentifier>
    </Filter>
  </ItemGroup>
  <ItemGroup>
    <ClCompile Include="core\main.cpp">
      <Filter>Source Files</Filter>
    </ClCompile>
    <ClCompile Include="core\ResourceManager.cpp">
      <Filter>Source Files\ResourceManager</Filter>
    </ClCompile>
    <ClCompile Include="external\lodepng\lodepng.cpp">
      <Filter>Source Files\External\lodepng</Filter>
    </ClCompile>
    <ClCompile Include="core\GenericPainter.cpp">
      <Filter>Source Files\PainterApps</Filter>
    </ClCompile>
  </ItemGroup>
  <ItemGroup>
    <ClInclude Include="external\lodepng\lodepng.h">
      <Filter>Source Files\External\lodepng</Filter>
    </ClInclude>
    <ClInclude Include="core\ResourceManager.h">
      <Filter>Source Files\ResourceManager</Filter>
    </ClInclude>
    <ClInclude Include="core\GenericPainter.h">
      <Filter>Source Files\PainterApps</Filter>
    </ClInclude>
    <ClInclude Include="data\ModelData.h">
      <Filter>Source Files\Data</Filter>
    </ClInclude>
    <ClInclude Include="core\defines.h">
      <Filter>Source Files</Filter>
    </ClInclude>
  </ItemGroup>
  <ItemGroup>
    <Image Include="..\Resources\Textures\Texture1.png">
      <Filter>Resource Files</Filter>
    </Image>
  </ItemGroup>
</Project>